Microsoft Visual Studio Solution File, Format Version 12.00
# Visual Studio Version 17
VisualStudioVersion = 17.5.2.0
MinimumVisualStudioVersion = 10.0.40219.1
Project("{FAE04EC0-301F-11D3-BF4B-00C04F79EFBC}") = "TaskDispatcherApi", "TaskDispatcherApi.csproj", "{4C6C237F-8C84-41E4-B8A3-9C8CA6E900BF}"
EndProject
Global
	GlobalSection(SolutionConfigurationPlatforms) = preSolution
		Debug|Any CPU = Debug|Any CPU
		Release|Any CPU = Release|Any CPU
	EndGlobalSection
	GlobalSection(ProjectConfigurationPlatforms) = postSolution
		{4C6C237F-8C84-41E4-B8A3-9C8CA6E900BF}.Debug|Any CPU.ActiveCfg = Debug|Any CPU
		{4C6C237F-8C84-41E4-B8A3-9C8CA6E900BF}.Debug|Any CPU.Build.0 = Debug|Any CPU
		{4C6C237F-8C84-41E4-B8A3-9C8CA6E900BF}.Release|Any CPU.ActiveCfg = Release|Any CPU
		{4C6C237F-8C84-41E4-B8A3-9C8CA6E900BF}.Release|Any CPU.Build.0 = Release|Any CPU
	EndGlobalSection
	GlobalSection(SolutionProperties) = preSolution
		HideSolutionNode = FALSE
	EndGlobalSection
	GlobalSection(ExtensibilityGlobals) = postSolution
		SolutionGuid = {56D80FC0-A4A8-4C7D-B57E-F3583D0481E0}
	EndGlobalSection
EndGlobal
